#MicroXplorer Configuration settings - do not modify
Mcu.Family=STM32F4
VP_RTC_VS_RTC_Activate.Signal=RTC_VS_RTC_Activate
ProjectManager.MainLocation=Core/Src
PC15-OSC32_OUT.Mode=LSE-External-Oscillator
USB_DEVICE.CLASS_NAME_FS=CDC
ProjectManager.ProjectFileName=LORA_TEST.ioc
RCC.CortexFreq_Value=60000000
PB8.GPIOParameters=GPIO_Speed,PinState,GPIO_PuPd,GPIO_Label
PB9.GPIO_Label=Pres1_SDO
ProjectManager.KeepUserCode=true
Mcu.UserName=STM32F411CEUx
PA10.Mode=Asynchronous
Mcu.PinsNb=15
ProjectManager.NoMain=false
USB_DEVICE.VirtualModeFS=Cdc_FS
PC13-ANTI_TAMP.GPIO_Label=LED
TIM1.IPParameters=Prescaler,Period
USART1.BaudRate=9600
RCC.PLLCLKFreq_Value=60000000
RCC.PLLQCLKFreq_Value=48000000
ProjectManager.functionlistsort=1-MX_GPIO_Init-GPIO-false-HAL-true,2-SystemClock_Config-RCC-false-HAL-false,3-MX_USART1_UART_Init-USART1-false-HAL-true,4-MX_TIM1_Init-TIM1-false-HAL-true,5-MX_RTC_Init-RTC-false-HAL-true,6-MX_USB_DEVICE_Init-USB_DEVICE-false-HAL-false
PH1\ -\ OSC_OUT.Mode=HSE-External-Oscillator
PB8.GPIO_PuPd=GPIO_NOPULL
VP_RTC_VS_RTC_Activate.Mode=RTC_Enabled
PA11.Mode=Device_Only
RCC.RTCFreq_Value=32768
ProjectManager.DefaultFWLocation=true
ProjectManager.DeletePrevious=true
USART1.IPParameters=VirtualMode,BaudRate
RCC.APB1CLKDivider=RCC_HCLK_DIV2
PC14-OSC32_IN.Signal=RCC_OSC32_IN
USB_DEVICE.IPParameters=VirtualMode,VirtualModeFS,CLASS_NAME_FS,PRODUCT_STRING_CDC_FS,USBD_DEBUG_LEVEL
PinOutPanel.RotationAngle=0
RCC.FamilyName=M
RCC.SYSCLKSource=RCC_SYSCLKSOURCE_PLLCLK
ProjectManager.StackSize=0x400
PB9.GPIOParameters=GPIO_PuPd,GPIO_Label
Mcu.IP4=TIM1
RCC.FCLKCortexFreq_Value=60000000
Mcu.IP5=USART1
NVIC.SVCall_IRQn=true\:0\:0\:false\:false\:true\:false\:false
Mcu.IP2=RTC
PB8.GPIO_Label=Pres1_SCK
Mcu.IP3=SYS
Mcu.IP0=NVIC
PA9.Mode=Asynchronous
Mcu.IP1=RCC
PA12.Signal=USB_OTG_FS_DP
PH0\ -\ OSC_IN.Mode=HSE-External-Oscillator
TIM1.Prescaler=72-1
Mcu.UserConstants=
PH0\ -\ OSC_IN.Signal=RCC_OSC_IN
ProjectManager.TargetToolchain=STM32CubeIDE
USB_DEVICE.PRODUCT_STRING_CDC_FS=Widya_Imersif
RCC.RCC_RTC_Clock_Source=RCC_RTCCLKSOURCE_LSE
Mcu.ThirdPartyNb=0
RCC.HCLKFreq_Value=60000000
VP_USB_DEVICE_VS_USB_DEVICE_CDC_FS.Mode=CDC_FS
Mcu.IPNb=8
RCC.I2SClocksFreq_Value=150000000
ProjectManager.PreviousToolchain=
RCC.APB2TimFreq_Value=60000000
PA9.Signal=USART1_TX
VP_TIM1_VS_ClockSourceINT.Signal=TIM1_VS_ClockSourceINT
RCC.VcooutputI2S=150000000
PB9.Locked=true
RCC.VCOInputMFreq_Value=1562500
Mcu.Pin6=PA10
Mcu.Pin7=PA11
ProjectManager.RegisterCallBack=
Mcu.Pin8=PA12
Mcu.Pin9=PB8
PC15-OSC32_OUT.Signal=RCC_OSC32_OUT
RCC.AHBFreq_Value=60000000
Mcu.Pin0=PC13-ANTI_TAMP
Mcu.Pin1=PC14-OSC32_IN
Mcu.Pin2=PC15-OSC32_OUT
Mcu.Pin3=PH0 - OSC_IN
Mcu.Pin4=PH1 - OSC_OUT
RCC.VCOI2SOutputFreq_Value=300000000
Mcu.Pin5=PA9
ProjectManager.ProjectBuild=false
RCC.HSE_VALUE=25000000
RCC.MSICalibrationValue=0
NVIC.UsageFault_IRQn=true\:0\:0\:false\:false\:true\:false\:false
NVIC.DebugMonitor_IRQn=true\:0\:0\:false\:false\:true\:false\:false
PH1\ -\ OSC_OUT.Signal=RCC_OSC_OUT
board=custom
PC13-ANTI_TAMP.Signal=GPIO_Output
RCC.VCOOutputFreq_Value=240000000
PC13-ANTI_TAMP.Locked=true
NVIC.SysTick_IRQn=true\:0\:0\:false\:false\:true\:false\:true
ProjectManager.LastFirmware=true
ProjectManager.FirmwarePackage=STM32Cube FW_F4 V1.26.1
MxDb.Version=DB.6.0.21
RCC.APB2Freq_Value=60000000
ProjectManager.BackupPrevious=false
MxCube.Version=6.2.1
PC14-OSC32_IN.Mode=LSE-External-Oscillator
RCC.VCOInputFreq_Value=1666666.6666666667
RCC.LSE_Drive_Capability=RCC_LSEDRIVE_LOW
File.Version=6
VP_SYS_VS_Systick.Mode=SysTick
RCC.EthernetFreq_Value=60000000
PB8.PinState=GPIO_PIN_RESET
RCC.RCC_RTC_Clock_SourceVirtual=RCC_RTCCLKSOURCE_LSE
PA9.Locked=true
PB8.Locked=true
NVIC.NonMaskableInt_IRQn=true\:0\:0\:false\:false\:true\:false\:false
NVIC.PendSV_IRQn=true\:0\:0\:false\:false\:true\:false\:false
ProjectManager.FreePins=false
RCC.IPParameters=48MHZClocksFreq_Value,AHBFreq_Value,APB1CLKDivider,APB1Freq_Value,APB1TimFreq_Value,APB2Freq_Value,APB2TimFreq_Value,CortexFreq_Value,EthernetFreq_Value,FCLKCortexFreq_Value,FamilyName,HCLKFreq_Value,HSE_VALUE,HSI_VALUE,I2SClocksFreq_Value,LSE_Drive_Capability,LSI_VALUE,MSIAutoCalibration,MSICalibrationValue,PLLCLKFreq_Value,PLLM,PLLN,PLLP,PLLQ,PLLQCLKFreq_Value,RCC_RTC_Clock_Source,RCC_RTC_Clock_SourceVirtual,RTCFreq_Value,RTCHSEDivFreq_Value,SYSCLKFreq_VALUE,SYSCLKSource,VCOI2SOutputFreq_Value,VCOInputFreq_Value,VCOInputMFreq_Value,VCOOutputFreq_Value,VcooutputI2S
ProjectManager.AskForMigrate=true
Mcu.Name=STM32F411C(C-E)Ux
ProjectManager.HalAssertFull=false
VP_TIM1_VS_ClockSourceINT.Mode=Internal
RCC.RTCHSEDivFreq_Value=12500000
ProjectManager.ProjectName=LORA_TEST
ProjectManager.UnderRoot=true
Mcu.IP6=USB_DEVICE
Mcu.IP7=USB_OTG_FS
ProjectManager.CoupleFile=false
RCC.48MHZClocksFreq_Value=48000000
RCC.SYSCLKFreq_VALUE=60000000
Mcu.Package=UFQFPN48
PB9.Signal=GPIO_Input
PA12.Mode=Device_Only
NVIC.ForceEnableDMAVector=true
KeepUserPlacement=false
NVIC.MemoryManagement_IRQn=true\:0\:0\:false\:false\:true\:false\:false
NVIC.OTG_FS_IRQn=true\:0\:0\:false\:false\:true\:true\:true
USART1.VirtualMode=VM_ASYNC
ProjectManager.CompilerOptimize=6
ProjectManager.ToolChainLocation=
RCC.LSI_VALUE=32000
VP_SYS_VS_Systick.Signal=SYS_VS_Systick
PA11.Signal=USB_OTG_FS_DM
PA10.Signal=USART1_RX
PB9.GPIO_PuPd=GPIO_NOPULL
USB_OTG_FS.VirtualMode=Device_Only
ProjectManager.HeapSize=0x200
NVIC.HardFault_IRQn=true\:0\:0\:false\:false\:true\:false\:false
VP_USB_DEVICE_VS_USB_DEVICE_CDC_FS.Signal=USB_DEVICE_VS_USB_DEVICE_CDC_FS
Mcu.Pin13=VP_TIM1_VS_ClockSourceINT
Mcu.Pin14=VP_USB_DEVICE_VS_USB_DEVICE_CDC_FS
ProjectManager.ComputerToolchain=false
RCC.HSI_VALUE=16000000
RCC.PLLP=RCC_PLLP_DIV4
RCC.PLLQ=5
NVIC.PriorityGroup=NVIC_PRIORITYGROUP_4
Mcu.Pin11=VP_RTC_VS_RTC_Activate
Mcu.Pin12=VP_SYS_VS_Systick
RCC.PLLM=15
RCC.PLLN=144
Mcu.Pin10=PB9
RCC.APB1TimFreq_Value=60000000
PB8.Signal=GPIO_Output
NVIC.BusFault_IRQn=true\:0\:0\:false\:false\:true\:false\:false
TIM1.Period=0xffff-1
USB_OTG_FS.IPParameters=VirtualMode
RCC.MSIAutoCalibration=DISABLED
RCC.APB1Freq_Value=30000000
PB8.GPIO_Speed=GPIO_SPEED_FREQ_LOW
USB_DEVICE.VirtualMode=Cdc
ProjectManager.CustomerFirmwarePackage=
ProjectManager.DeviceId=STM32F411CEUx
ProjectManager.LibraryCopy=1
USB_DEVICE.USBD_DEBUG_LEVEL=0
PC13-ANTI_TAMP.GPIOParameters=GPIO_Label
isbadioc=false
